
Microsoft Visual Studio Solution File, Format Version 12.00
# Visual Studio 15
VisualStudioVersion = 15.0.28307.421
MinimumVisualStudioVersion = 10.0.40219.1
Project("{8BC9CEB8-8B4A-11D0-8D11-00A0C91BC942}") = "18.04.19", "18.04.19\18.04.19.vcxproj", "{345DCA75-2F68-47C1-954A-74AE4688D652}"
EndProject
Global
	GlobalSection(SolutionConfigurationPlatforms) = preSolution
		Debug|x64 = Debug|x64
		Debug|x86 = Debug|x86
		Release|x64 = Release|x64
		Release|x86 = Release|x86
	EndGlobalSection
	GlobalSection(ProjectConfigurationPlatforms) = postSolution
		{345DCA75-2F68-47C1-954A-74AE4688D652}.Debug|x64.ActiveCfg = Debug|x64
		{345DCA75-2F68-47C1-954A-74AE4688D652}.Debug|x64.Build.0 = Debug|x64
		{345DCA75-2F68-47C1-954A-74AE4688D652}.Debug|x86.ActiveCfg = Debug|Win32
		{345DCA75-2F68-47C1-954A-74AE4688D652}.Debug|x86.Build.0 = Debug|Win32
		{345DCA75-2F68-47C1-954A-74AE4688D652}.Release|x64.ActiveCfg = Release|x64
		{345DCA75-2F68-47C1-954A-74AE4688D652}.Release|x64.Build.0 = Release|x64
		{345DCA75-2F68-47C1-954A-74AE4688D652}.Release|x86.ActiveCfg = Release|Win32
		{345DCA75-2F68-47C1-954A-74AE4688D652}.Release|x86.Build.0 = Release|Win32
	EndGlobalSection
	GlobalSection(SolutionProperties) = preSolution
		HideSolutionNode = FALSE
	EndGlobalSection
	GlobalSection(ExtensibilityGlobals) = postSolution
		SolutionGuid = {4BB6E3F9-EF5F-44F5-A20A-751BB2883AD8}
	EndGlobalSection
EndGlobal
