
Microsoft Visual Studio Solution File, Format Version 12.00
# Visual Studio 15
VisualStudioVersion = 15.0.28307.102
MinimumVisualStudioVersion = 10.0.40219.1
Project("{8BC9CEB8-8B4A-11D0-8D11-00A0C91BC942}") = "12.02.19", "12.02.19\12.02.19.vcxproj", "{24AE5764-DDCD-4E7D-B8A2-77A3D5F8C409}"
EndProject
Global
	GlobalSection(SolutionConfigurationPlatforms) = preSolution
		Debug|x64 = Debug|x64
		Debug|x86 = Debug|x86
		Release|x64 = Release|x64
		Release|x86 = Release|x86
	EndGlobalSection
	GlobalSection(ProjectConfigurationPlatforms) = postSolution
		{24AE5764-DDCD-4E7D-B8A2-77A3D5F8C409}.Debug|x64.ActiveCfg = Debug|x64
		{24AE5764-DDCD-4E7D-B8A2-77A3D5F8C409}.Debug|x64.Build.0 = Debug|x64
		{24AE5764-DDCD-4E7D-B8A2-77A3D5F8C409}.Debug|x86.ActiveCfg = Debug|Win32
		{24AE5764-DDCD-4E7D-B8A2-77A3D5F8C409}.Debug|x86.Build.0 = Debug|Win32
		{24AE5764-DDCD-4E7D-B8A2-77A3D5F8C409}.Release|x64.ActiveCfg = Release|x64
		{24AE5764-DDCD-4E7D-B8A2-77A3D5F8C409}.Release|x64.Build.0 = Release|x64
		{24AE5764-DDCD-4E7D-B8A2-77A3D5F8C409}.Release|x86.ActiveCfg = Release|Win32
		{24AE5764-DDCD-4E7D-B8A2-77A3D5F8C409}.Release|x86.Build.0 = Release|Win32
	EndGlobalSection
	GlobalSection(SolutionProperties) = preSolution
		HideSolutionNode = FALSE
	EndGlobalSection
	GlobalSection(ExtensibilityGlobals) = postSolution
		SolutionGuid = {ADD776CD-465D-408B-A663-BDAB9908C6E1}
	EndGlobalSection
EndGlobal
