
Microsoft Visual Studio Solution File, Format Version 12.00
# Visual Studio 15
VisualStudioVersion = 15.0.28307.102
MinimumVisualStudioVersion = 10.0.40219.1
Project("{8BC9CEB8-8B4A-11D0-8D11-00A0C91BC942}") = "24.01.19", "24.01.19\24.01.19.vcxproj", "{F81CC2EB-5038-40F9-BA1B-3518AFDEBECF}"
EndProject
Global
	GlobalSection(SolutionConfigurationPlatforms) = preSolution
		Debug|x64 = Debug|x64
		Debug|x86 = Debug|x86
		Release|x64 = Release|x64
		Release|x86 = Release|x86
	EndGlobalSection
	GlobalSection(ProjectConfigurationPlatforms) = postSolution
		{F81CC2EB-5038-40F9-BA1B-3518AFDEBECF}.Debug|x64.ActiveCfg = Debug|x64
		{F81CC2EB-5038-40F9-BA1B-3518AFDEBECF}.Debug|x64.Build.0 = Debug|x64
		{F81CC2EB-5038-40F9-BA1B-3518AFDEBECF}.Debug|x86.ActiveCfg = Debug|Win32
		{F81CC2EB-5038-40F9-BA1B-3518AFDEBECF}.Debug|x86.Build.0 = Debug|Win32
		{F81CC2EB-5038-40F9-BA1B-3518AFDEBECF}.Release|x64.ActiveCfg = Release|x64
		{F81CC2EB-5038-40F9-BA1B-3518AFDEBECF}.Release|x64.Build.0 = Release|x64
		{F81CC2EB-5038-40F9-BA1B-3518AFDEBECF}.Release|x86.ActiveCfg = Release|Win32
		{F81CC2EB-5038-40F9-BA1B-3518AFDEBECF}.Release|x86.Build.0 = Release|Win32
	EndGlobalSection
	GlobalSection(SolutionProperties) = preSolution
		HideSolutionNode = FALSE
	EndGlobalSection
	GlobalSection(ExtensibilityGlobals) = postSolution
		SolutionGuid = {FFA280A9-C381-4D1C-B183-93322D4D96F9}
	EndGlobalSection
EndGlobal
