
Microsoft Visual Studio Solution File, Format Version 12.00
# Visual Studio 15
VisualStudioVersion = 15.0.28307.421
MinimumVisualStudioVersion = 10.0.40219.1
Project("{8BC9CEB8-8B4A-11D0-8D11-00A0C91BC942}") = "21.03.19", "21.03.19\21.03.19.vcxproj", "{D394DB1E-02EE-42EF-9671-EBE14B2347F8}"
EndProject
Global
	GlobalSection(SolutionConfigurationPlatforms) = preSolution
		Debug|x64 = Debug|x64
		Debug|x86 = Debug|x86
		Release|x64 = Release|x64
		Release|x86 = Release|x86
	EndGlobalSection
	GlobalSection(ProjectConfigurationPlatforms) = postSolution
		{D394DB1E-02EE-42EF-9671-EBE14B2347F8}.Debug|x64.ActiveCfg = Debug|x64
		{D394DB1E-02EE-42EF-9671-EBE14B2347F8}.Debug|x64.Build.0 = Debug|x64
		{D394DB1E-02EE-42EF-9671-EBE14B2347F8}.Debug|x86.ActiveCfg = Debug|Win32
		{D394DB1E-02EE-42EF-9671-EBE14B2347F8}.Debug|x86.Build.0 = Debug|Win32
		{D394DB1E-02EE-42EF-9671-EBE14B2347F8}.Release|x64.ActiveCfg = Release|x64
		{D394DB1E-02EE-42EF-9671-EBE14B2347F8}.Release|x64.Build.0 = Release|x64
		{D394DB1E-02EE-42EF-9671-EBE14B2347F8}.Release|x86.ActiveCfg = Release|Win32
		{D394DB1E-02EE-42EF-9671-EBE14B2347F8}.Release|x86.Build.0 = Release|Win32
	EndGlobalSection
	GlobalSection(SolutionProperties) = preSolution
		HideSolutionNode = FALSE
	EndGlobalSection
	GlobalSection(ExtensibilityGlobals) = postSolution
		SolutionGuid = {81FEBA83-0AD1-4B82-904C-568EB8B6E116}
	EndGlobalSection
EndGlobal
